PODS:
  - FMDB (2.5):
    - FMDB/standard (= 2.5)
  - FMDB/common (2.5)
  - FMDB/standard (2.5):
    - FMDB/common
  - JSONKit (1.5pre)
  - Masonry (0.6.3)
  - MJExtension (3.0.3)
  - MJRefresh (2.4.12)

DEPENDENCIES:
  - FMDB
  - JSONKit (~> 1.5pre)
  - Masonry (~> 0.6.3)
  - MJExtension (~> 3.0.3)
  - MJRefresh (~> 2.4.12)

SPEC CHECKSUMS:
  FMDB: 96e8f1bcc1329e269330f99770ad4285d9003e52
  JSONKit: bae313ce6a6c444f40489a6c0b023f399888871f
  Masonry: ff105a956abcd19a618b2028b121cb638d7a8e2f
  MJExtension: de557e1c48ef3212590d3203764c8003fae68815
  MJRefresh: ca8e9589895977df32d379d46e6b8a5450b3ff44

COCOAPODS: 0.39.0
